# SkinDocJyotsna tool lock - Windows x64. Exact versions + SHA-256 of every installer in the setup bundle.
# Generated by Prepare-OfflineBundle.ps1 -UpdateLock. Review changes and keep this file with the code.
# Locked at 2026-09-25T11:12:44Z
NODE_VERSION=24.21.0
NODE_FILE=node-v24.21.0-x64.msi
NODE_URL=https://nodejs.org/dist/v24.21.0/node-v24.21.0-x64.msi
NODE_SHA256=bb0eaee134f9357f22aea915ee793343e627aefc1e66488164bac6915bce2cac
GIT_VERSION=2.55.0.5
GIT_FILE=Git-2.55.0.5-64-bit.exe
GIT_URL=https://github.com/git-for-windows/git/releases/download/v2.55.0.windows.5/Git-2.55.0.5-64-bit.exe
GIT_SHA256=d065a4e23c3d9a6b5073d609b5be0830227ec3ca053c083ba385061ddfaf94c6
RUST_VERSION=1.98.1
RUST_FILE=rust-1.98.1-x86_64-pc-windows-msvc.msi
RUST_URL=https://static.rust-lang.org/dist/rust-1.98.1-x86_64-pc-windows-msvc.msi
RUST_SHA256=346bea0c3076a33e291624b3d7e71bb3cf661422fadaf643612de641b3e7599a
WEBVIEW2_VERSION=1.3.271.7
WEBVIEW2_FILE=MicrosoftEdgeWebView2RuntimeInstallerX64.exe
WEBVIEW2_URL=https://go.microsoft.com/fwlink/?linkid=2124701
WEBVIEW2_SHA256=771042db15cb5c463bac51a8408e70183d7130e8ac946709384c2223da582c1b
VS_BUILDTOOLS_CHANNEL=17
VS_BOOTSTRAPPER_FILE=vs_BuildTools.exe
VS_BOOTSTRAPPER_URL=https://aka.ms/vs/17/release/vs_BuildTools.exe
VS_BOOTSTRAPPER_SHA256=985969f472caad75d993a5cb4c35a6a4271460cc12b343e2433b994d173aa990
VS_COMPONENTS=Microsoft.VisualStudio.Component.VC.Tools.x86.x64,Microsoft.VisualStudio.Component.Windows11SDK.26100
VS_PRODUCT_VERSION=17.14.41 (September 2026)
